
Microsoft Visual Studio Solution File, Format Version 12.00
# Visual Studio Version 16
VisualStudioVersion = 16.0.810.6
MinimumVisualStudioVersion = 10.0.40219.1
Project("{FAE04EC0-301F-11D3-BF4B-00C04F79EFBC}") = "Basic-C-Sharp", "Basic-C-Sharp\Basic-C-Sharp.csproj", "{4AC461CA-0ED3-4A32-9E5D-8DE1B9CB7E59}"
EndProject
Global
	GlobalSection(SolutionConfigurationPlatforms) = preSolution
		Debug|anycpu = Debug|anycpu
		Release|anycpu = Release|anycpu
	EndGlobalSection
	GlobalSection(ProjectConfigurationPlatforms) = postSolution
		{4AC461CA-0ED3-4A32-9E5D-8DE1B9CB7E59}.Debug|anycpu.ActiveCfg = Debug|anycpu
		{4AC461CA-0ED3-4A32-9E5D-8DE1B9CB7E59}.Debug|anycpu.Build.0 = Debug|anycpu
		{4AC461CA-0ED3-4A32-9E5D-8DE1B9CB7E59}.Release|anycpu.ActiveCfg = Release|anycpu
		{4AC461CA-0ED3-4A32-9E5D-8DE1B9CB7E59}.Release|anycpu.Build.0 = Release|anycpu
	EndGlobalSection
	GlobalSection(SolutionProperties) = preSolution
		HideSolutionNode = FALSE
	EndGlobalSection
	GlobalSection(ExtensibilityGlobals) = postSolution
		SolutionGuid = {B8FDAC39-7CCB-4A8A-A3DB-A338A9E4743F}
	EndGlobalSection
EndGlobal
